
Microsoft Visual Studio Solution File, Format Version 12.00
# Visual Studio 15
VisualStudioVersion = 15.0.26124.0
MinimumVisualStudioVersion = 15.0.26124.0
Project("{2150E333-8FDC-42A3-9474-1A3956D46DE8}") = "test", "test", "{BBDD23AF-BE98-49EA-A4FA-86288A4FAED4}"
EndProject
Project("{FAE04EC0-301F-11D3-BF4B-00C04F79EFBC}") = "Convent.Commits.UnitTests", "test\Convent.Commits.UnitTests\Convent.Commits.UnitTests.csproj", "{95C64E57-441D-45B9-B64F-98F6D8037519}"
EndProject
Project("{2150E333-8FDC-42A3-9474-1A3956D46DE8}") = "src", "src", "{0C24B12A-E09E-42B5-98E2-65FD2B6FF2D6}"
EndProject
Project("{FAE04EC0-301F-11D3-BF4B-00C04F79EFBC}") = "Convent.Commits", "src\Convent.Commits\Convent.Commits.csproj", "{94A49008-5CB5-4B6A-BDD7-155019DACE28}"
EndProject
Global
	GlobalSection(SolutionConfigurationPlatforms) = preSolution
		Debug|Any CPU = Debug|Any CPU
		Debug|x64 = Debug|x64
		Debug|x86 = Debug|x86
		Release|Any CPU = Release|Any CPU
		Release|x64 = Release|x64
		Release|x86 = Release|x86
	EndGlobalSection
	GlobalSection(SolutionProperties) = preSolution
		HideSolutionNode = FALSE
	EndGlobalSection
	GlobalSection(ProjectConfigurationPlatforms) = postSolution
		{95C64E57-441D-45B9-B64F-98F6D8037519}.Debug|Any CPU.ActiveCfg = Debug|Any CPU
		{95C64E57-441D-45B9-B64F-98F6D8037519}.Debug|Any CPU.Build.0 = Debug|Any CPU
		{95C64E57-441D-45B9-B64F-98F6D8037519}.Debug|x64.ActiveCfg = Debug|Any CPU
		{95C64E57-441D-45B9-B64F-98F6D8037519}.Debug|x64.Build.0 = Debug|Any CPU
		{95C64E57-441D-45B9-B64F-98F6D8037519}.Debug|x86.ActiveCfg = Debug|Any CPU
		{95C64E57-441D-45B9-B64F-98F6D8037519}.Debug|x86.Build.0 = Debug|Any CPU
		{95C64E57-441D-45B9-B64F-98F6D8037519}.Release|Any CPU.ActiveCfg = Release|Any CPU
		{95C64E57-441D-45B9-B64F-98F6D8037519}.Release|Any CPU.Build.0 = Release|Any CPU
		{95C64E57-441D-45B9-B64F-98F6D8037519}.Release|x64.ActiveCfg = Release|Any CPU
		{95C64E57-441D-45B9-B64F-98F6D8037519}.Release|x64.Build.0 = Release|Any CPU
		{95C64E57-441D-45B9-B64F-98F6D8037519}.Release|x86.ActiveCfg = Release|Any CPU
		{95C64E57-441D-45B9-B64F-98F6D8037519}.Release|x86.Build.0 = Release|Any CPU
		{94A49008-5CB5-4B6A-BDD7-155019DACE28}.Debug|Any CPU.ActiveCfg = Debug|Any CPU
		{94A49008-5CB5-4B6A-BDD7-155019DACE28}.Debug|Any CPU.Build.0 = Debug|Any CPU
		{94A49008-5CB5-4B6A-BDD7-155019DACE28}.Debug|x64.ActiveCfg = Debug|Any CPU
		{94A49008-5CB5-4B6A-BDD7-155019DACE28}.Debug|x64.Build.0 = Debug|Any CPU
		{94A49008-5CB5-4B6A-BDD7-155019DACE28}.Debug|x86.ActiveCfg = Debug|Any CPU
		{94A49008-5CB5-4B6A-BDD7-155019DACE28}.Debug|x86.Build.0 = Debug|Any CPU
		{94A49008-5CB5-4B6A-BDD7-155019DACE28}.Release|Any CPU.ActiveCfg = Release|Any CPU
		{94A49008-5CB5-4B6A-BDD7-155019DACE28}.Release|Any CPU.Build.0 = Release|Any CPU
		{94A49008-5CB5-4B6A-BDD7-155019DACE28}.Release|x64.ActiveCfg = Release|Any CPU
		{94A49008-5CB5-4B6A-BDD7-155019DACE28}.Release|x64.Build.0 = Release|Any CPU
		{94A49008-5CB5-4B6A-BDD7-155019DACE28}.Release|x86.ActiveCfg = Release|Any CPU
		{94A49008-5CB5-4B6A-BDD7-155019DACE28}.Release|x86.Build.0 = Release|Any CPU
	EndGlobalSection
	GlobalSection(NestedProjects) = preSolution
		{95C64E57-441D-45B9-B64F-98F6D8037519} = {BBDD23AF-BE98-49EA-A4FA-86288A4FAED4}
		{94A49008-5CB5-4B6A-BDD7-155019DACE28} = {0C24B12A-E09E-42B5-98E2-65FD2B6FF2D6}
	EndGlobalSection
EndGlobal
